// !$*UTF8*$!
{
	archiveVersion = 1;
	classes = {
	};
	objectVersion = 50;
	objects = {

/* Begin PBXBuildFile section */
		AA1D858C26D61FFF00ACDCF1 /* AppDelegate.swift in Sources */ = {isa = PBXBuildFile; fileRef = AA1D858B26D61FFF00ACDCF1 /* AppDelegate.swift */; };
		AA1D858E26D61FFF00ACDCF1 /* SceneDelegate.swift in Sources */ = {isa = PBXBuildFile; fileRef = AA1D858D26D61FFF00ACDCF1 /* SceneDelegate.swift */; };
		AA1D859026D61FFF00ACDCF1 /* ViewController.swift in Sources */ = {isa = PBXBuildFile; fileRef = AA1D858F26D61FFF00ACDCF1 /* ViewController.swift */; };
		AA1D859326D61FFF00ACDCF1 /* Main.storyboard in Resources */ = {isa = PBXBuildFile; fileRef = AA1D859126D61FFF00ACDCF1 /* Main.storyboard */; };
		AA1D859526D6200000ACDCF1 /* Assets.xcassets in Resources */ = {isa = PBXBuildFile; fileRef = AA1D859426D6200000ACDCF1 /* Assets.xcassets */; };
		AA1D859826D6200000ACDCF1 /* LaunchScreen.storyboard in Resources */ = {isa = PBXBuildFile; fileRef = AA1D859626D6200000ACDCF1 /* LaunchScreen.storyboard */; };
		AA1D85A326D6284E00ACDCF1 /* UIColor+NamedAsset.swift in Sources */ = {isa = PBXBuildFile; fileRef = AA1D85A226D6284E00ACDCF1 /* UIColor+NamedAsset.swift */; };
		AA1D85A626D62A8A00ACDCF1 /* Card.swift in Sources */ = {isa = PBXBuildFile; fileRef = AA1D85A526D62A8A00ACDCF1 /* Card.swift */; };
		AAE39F7E26D69C69004AB704 /* Deck.swift in Sources */ = {isa = PBXBuildFile; fileRef = AAE39F7D26D69C69004AB704 /* Deck.swift */; };
		AAE39F8026D69E2F004AB704 /* Hand.swift in Sources */ = {isa = PBXBuildFile; fileRef = AAE39F7F26D69E2F004AB704 /* Hand.swift */; };
		AAE39F8226D6A3B3004AB704 /* Player.swift in Sources */ = {isa = PBXBuildFile; fileRef = AAE39F8126D6A3B3004AB704 /* Player.swift */; };
		AAE39F8426D6A4C4004AB704 /* HandRanker.swift in Sources */ = {isa = PBXBuildFile; fileRef = AAE39F8326D6A4C4004AB704 /* HandRanker.swift */; };
		AAE39F8926D6A652004AB704 /* CardGame.swift in Sources */ = {isa = PBXBuildFile; fileRef = AAE39F8826D6A652004AB704 /* CardGame.swift */; };
		AAE39F9126D6A69F004AB704 /* RankerTests.swift in Sources */ = {isa = PBXBuildFile; fileRef = AAE39F9026D6A69F004AB704 /* RankerTests.swift */; };
/* End PBXBuildFile section */

/* Begin PBXContainerItemProxy section */
		AAE39F9326D6A69F004AB704 /* PBXContainerItemProxy */ = {
			isa = PBXContainerItemProxy;
			containerPortal = AA1D858026D61FFF00ACDCF1 /* Project object */;
			proxyType = 1;
			remoteGlobalIDString = AA1D858726D61FFF00ACDCF1;
			remoteInfo = "Dead Man's Hand";
		};
/* End PBXContainerItemProxy section */

/* Begin PBXFileReference section */
		AA1D858826D61FFF00ACDCF1 /* Dead Man's Hand.app */ = {isa = PBXFileReference; explicitFileType = wrapper.application; includeInIndex = 0; path = "Dead Man's Hand.app"; sourceTree = BUILT_PRODUCTS_DIR; };
		AA1D858B26D61FFF00ACDCF1 /* AppDelegate.swift */ = {isa = PBXFileReference; lastKnownFileType = sourcecode.swift; path = AppDelegate.swift; sourceTree = "<group>"; };
		AA1D858D26D61FFF00ACDCF1 /* SceneDelegate.swift */ = {isa = PBXFileReference; lastKnownFileType = sourcecode.swift; path = SceneDelegate.swift; sourceTree = "<group>"; };
		AA1D858F26D61FFF00ACDCF1 /* ViewController.swift */ = {isa = PBXFileReference; lastKnownFileType = sourcecode.swift; path = ViewController.swift; sourceTree = "<group>"; };
		AA1D859226D61FFF00ACDCF1 /* Base */ = {isa = PBXFileReference; lastKnownFileType = file.storyboard; name = Base; path = Base.lproj/Main.storyboard; sourceTree = "<group>"; };
		AA1D859426D6200000ACDCF1 /* Assets.xcassets */ = {isa = PBXFileReference; lastKnownFileType = folder.assetcatalog; path = Assets.xcassets; sourceTree = "<group>"; };
		AA1D859726D6200000ACDCF1 /* Base */ = {isa = PBXFileReference; lastKnownFileType = file.storyboard; name = Base; path = Base.lproj/LaunchScreen.storyboard; sourceTree = "<group>"; };
		AA1D859926D6200000ACDCF1 /* Info.plist */ = {isa = PBXFileReference; lastKnownFileType = text.plist.xml; path = Info.plist; sourceTree = "<group>"; };
		AA1D85A226D6284E00ACDCF1 /* UIColor+NamedAsset.swift */ = {isa = PBXFileReference; lastKnownFileType = sourcecode.swift; path = "UIColor+NamedAsset.swift"; sourceTree = "<group>"; };
		AA1D85A526D62A8A00ACDCF1 /* Card.swift */ = {isa = PBXFileReference; lastKnownFileType = sourcecode.swift; path = Card.swift; sourceTree = "<group>"; };
		AAE39F7D26D69C69004AB704 /* Deck.swift */ = {isa = PBXFileReference; lastKnownFileType = sourcecode.swift; path = Deck.swift; sourceTree = "<group>"; };
		AAE39F7F26D69E2F004AB704 /* Hand.swift */ = {isa = PBXFileReference; lastKnownFileType = sourcecode.swift; path = Hand.swift; sourceTree = "<group>"; };
		AAE39F8126D6A3B3004AB704 /* Player.swift */ = {isa = PBXFileReference; lastKnownFileType = sourcecode.swift; path = Player.swift; sourceTree = "<group>"; };
		AAE39F8326D6A4C4004AB704 /* HandRanker.swift */ = {isa = PBXFileReference; lastKnownFileType = sourcecode.swift; path = HandRanker.swift; sourceTree = "<group>"; };
		AAE39F8826D6A652004AB704 /* CardGame.swift */ = {isa = PBXFileReference; lastKnownFileType = sourcecode.swift; path = CardGame.swift; sourceTree = "<group>"; };
		AAE39F8E26D6A69F004AB704 /* Dead Man's HandTests.xctest */ = {isa = PBXFileReference; explicitFileType = wrapper.cfbundle; includeInIndex = 0; path = "Dead Man's HandTests.xctest"; sourceTree = BUILT_PRODUCTS_DIR; };
		AAE39F9026D6A69F004AB704 /* RankerTests.swift */ = {isa = PBXFileReference; lastKnownFileType = sourcecode.swift; path = RankerTests.swift; sourceTree = "<group>"; };
		AAE39F9226D6A69F004AB704 /* Info.plist */ = {isa = PBXFileReference; lastKnownFileType = text.plist.xml; path = Info.plist; sourceTree = "<group>"; };
/* End PBXFileReference section */

/* Begin PBXFrameworksBuildPhase section */
		AA1D858526D61FFF00ACDCF1 /* Frameworks */ = {
			isa = PBXFrameworksBuildPhase;
			buildActionMask = 2147483647;
			files = (
			);
			runOnlyForDeploymentPostprocessing = 0;
		};
		AAE39F8B26D6A69F004AB704 /* Frameworks */ = {
			isa = PBXFrameworksBuildPhase;
			buildActionMask = 2147483647;
			files = (
			);
			runOnlyForDeploymentPostprocessing = 0;
		};
/* End PBXFrameworksBuildPhase section */

/* Begin PBXGroup section */
		AA1D857F26D61FFF00ACDCF1 = {
			isa = PBXGroup;
			children = (
				AA1D858A26D61FFF00ACDCF1 /* Dead Man's Hand */,
				AAE39F8F26D6A69F004AB704 /* Dead Man's HandTests */,
				AA1D858926D61FFF00ACDCF1 /* Products */,
			);
			sourceTree = "<group>";
		};
		AA1D858926D61FFF00ACDCF1 /* Products */ = {
			isa = PBXGroup;
			children = (
				AA1D858826D61FFF00ACDCF1 /* Dead Man's Hand.app */,
				AAE39F8E26D6A69F004AB704 /* Dead Man's HandTests.xctest */,
			);
			name = Products;
			sourceTree = "<group>";
		};
		AA1D858A26D61FFF00ACDCF1 /* Dead Man's Hand */ = {
			isa = PBXGroup;
			children = (
				AA1D85A126D6202700ACDCF1 /* App */,
				AA1D85A426D62A6400ACDCF1 /* Model */,
				AA1D85A026D6201D00ACDCF1 /* View */,
				AA1D859F26D6201500ACDCF1 /* Controller */,
			);
			path = "Dead Man's Hand";
			sourceTree = "<group>";
		};
		AA1D859F26D6201500ACDCF1 /* Controller */ = {
			isa = PBXGroup;
			children = (
				AAE39F8526D6A4E9004AB704 /* Model Controllers */,
				AAE39F8626D6A4EF004AB704 /* View Controllers */,
			);
			path = Controller;
			sourceTree = "<group>";
		};
		AA1D85A026D6201D00ACDCF1 /* View */ = {
			isa = PBXGroup;
			children = (
				AA1D859126D61FFF00ACDCF1 /* Main.storyboard */,
				AA1D859426D6200000ACDCF1 /* Assets.xcassets */,
				AA1D859626D6200000ACDCF1 /* LaunchScreen.storyboard */,
				AA1D85A226D6284E00ACDCF1 /* UIColor+NamedAsset.swift */,
			);
			path = View;
			sourceTree = "<group>";
		};
		AA1D85A126D6202700ACDCF1 /* App */ = {
			isa = PBXGroup;
			children = (
				AA1D859926D6200000ACDCF1 /* Info.plist */,
				AA1D858B26D61FFF00ACDCF1 /* AppDelegate.swift */,
				AA1D858D26D61FFF00ACDCF1 /* SceneDelegate.swift */,
			);
			name = App;
			sourceTree = "<group>";
		};
		AA1D85A426D62A6400ACDCF1 /* Model */ = {
			isa = PBXGroup;
			children = (
				AAE39F8726D6A63B004AB704 /* Boundaries (protocols) */,
				AA1D85A526D62A8A00ACDCF1 /* Card.swift */,
				AAE39F7D26D69C69004AB704 /* Deck.swift */,
				AAE39F7F26D69E2F004AB704 /* Hand.swift */,
				AAE39F8126D6A3B3004AB704 /* Player.swift */,
			);
			path = Model;
			sourceTree = "<group>";
		};
		AAE39F8526D6A4E9004AB704 /* Model Controllers */ = {
			isa = PBXGroup;
			children = (
				AAE39F8326D6A4C4004AB704 /* HandRanker.swift */,
			);
			path = "Model Controllers";
			sourceTree = "<group>";
		};
		AAE39F8626D6A4EF004AB704 /* View Controllers */ = {
			isa = PBXGroup;
			children = (
				AA1D858F26D61FFF00ACDCF1 /* ViewController.swift */,
			);
			path = "View Controllers";
			sourceTree = "<group>";
		};
		AAE39F8726D6A63B004AB704 /* Boundaries (protocols) */ = {
			isa = PBXGroup;
			children = (
				AAE39F8826D6A652004AB704 /* CardGame.swift */,
			);
			path = "Boundaries (protocols)";
			sourceTree = "<group>";
		};
		AAE39F8F26D6A69F004AB704 /* Dead Man's HandTests */ = {
			isa = PBXGroup;
			children = (
				AAE39F9026D6A69F004AB704 /* RankerTests.swift */,
				AAE39F9226D6A69F004AB704 /* Info.plist */,
			);
			path = "Dead Man's HandTests";
			sourceTree = "<group>";
		};
/* End PBXGroup section */

/* Begin PBXNativeTarget section */
		AA1D858726D61FFF00ACDCF1 /* Dead Man's Hand */ = {
			isa = PBXNativeTarget;
			buildConfigurationList = AA1D859C26D6200000ACDCF1 /* Build configuration list for PBXNativeTarget "Dead Man's Hand" */;
			buildPhases = (
				AA1D858426D61FFF00ACDCF1 /* Sources */,
				AA1D858526D61FFF00ACDCF1 /* Frameworks */,
				AA1D858626D61FFF00ACDCF1 /* Resources */,
			);
			buildRules = (
			);
			dependencies = (
			);
			name = "Dead Man's Hand";
			productName = "Dead Man's Hand";
			productReference = AA1D858826D61FFF00ACDCF1 /* Dead Man's Hand.app */;
			productType = "com.apple.product-type.application";
		};
		AAE39F8D26D6A69F004AB704 /* Dead Man's HandTests */ = {
			isa = PBXNativeTarget;
			buildConfigurationList = AAE39F9526D6A69F004AB704 /* Build configuration list for PBXNativeTarget "Dead Man's HandTests" */;
			buildPhases = (
				AAE39F8A26D6A69F004AB704 /* Sources */,
				AAE39F8B26D6A69F004AB704 /* Frameworks */,
				AAE39F8C26D6A69F004AB704 /* Resources */,
			);
			buildRules = (
			);
			dependencies = (
				AAE39F9426D6A69F004AB704 /* PBXTargetDependency */,
			);
			name = "Dead Man's HandTests";
			productName = "Dead Man's HandTests";
			productReference = AAE39F8E26D6A69F004AB704 /* Dead Man's HandTests.xctest */;
			productType = "com.apple.product-type.bundle.unit-test";
		};
/* End PBXNativeTarget section */

/* Begin PBXProject section */
		AA1D858026D61FFF00ACDCF1 /* Project object */ = {
			isa = PBXProject;
			attributes = {
				LastSwiftUpdateCheck = 1250;
				LastUpgradeCheck = 1250;
				TargetAttributes = {
					AA1D858726D61FFF00ACDCF1 = {
						CreatedOnToolsVersion = 12.5.1;
					};
					AAE39F8D26D6A69F004AB704 = {
						CreatedOnToolsVersion = 12.5.1;
						TestTargetID = AA1D858726D61FFF00ACDCF1;
					};
				};
			};
			buildConfigurationList = AA1D858326D61FFF00ACDCF1 /* Build configuration list for PBXProject "Dead Man's Hand" */;
			compatibilityVersion = "Xcode 9.3";
			developmentRegion = en;
			hasScannedForEncodings = 0;
			knownRegions = (
				en,
				Base,
			);
			mainGroup = AA1D857F26D61FFF00ACDCF1;
			productRefGroup = AA1D858926D61FFF00ACDCF1 /* Products */;
			projectDirPath = "";
			projectRoot = "";
			targets = (
				AA1D858726D61FFF00ACDCF1 /* Dead Man's Hand */,
				AAE39F8D26D6A69F004AB704 /* Dead Man's HandTests */,
			);
		};
/* End PBXProject section */

/* Begin PBXResourcesBuildPhase section */
		AA1D858626D61FFF00ACDCF1 /* Resources */ = {
			isa = PBXResourcesBuildPhase;
			buildActionMask = 2147483647;
			files = (
				AA1D859826D6200000ACDCF1 /* LaunchScreen.storyboard in Resources */,
				AA1D859526D6200000ACDCF1 /* Assets.xcassets in Resources */,
				AA1D859326D61FFF00ACDCF1 /* Main.storyboard in Resources */,
			);
			runOnlyForDeploymentPostprocessing = 0;
		};
		AAE39F8C26D6A69F004AB704 /* Resources */ = {
			isa = PBXResourcesBuildPhase;
			buildActionMask = 2147483647;
			files = (
			);
			runOnlyForDeploymentPostprocessing = 0;
		};
/* End PBXResourcesBuildPhase section */

/* Begin PBXSourcesBuildPhase section */
		AA1D858426D61FFF00ACDCF1 /* Sources */ = {
			isa = PBXSourcesBuildPhase;
			buildActionMask = 2147483647;
			files = (
				AAE39F7E26D69C69004AB704 /* Deck.swift in Sources */,
				AA1D85A326D6284E00ACDCF1 /* UIColor+NamedAsset.swift in Sources */,
				AA1D859026D61FFF00ACDCF1 /* ViewController.swift in Sources */,
				AA1D858C26D61FFF00ACDCF1 /* AppDelegate.swift in Sources */,
				AAE39F8226D6A3B3004AB704 /* Player.swift in Sources */,
				AAE39F8026D69E2F004AB704 /* Hand.swift in Sources */,
				AA1D85A626D62A8A00ACDCF1 /* Card.swift in Sources */,
				AA1D858E26D61FFF00ACDCF1 /* SceneDelegate.swift in Sources */,
				AAE39F8426D6A4C4004AB704 /* HandRanker.swift in Sources */,
				AAE39F8926D6A652004AB704 /* CardGame.swift in Sources */,
			);
			runOnlyForDeploymentPostprocessing = 0;
		};
		AAE39F8A26D6A69F004AB704 /* Sources */ = {
			isa = PBXSourcesBuildPhase;
			buildActionMask = 2147483647;
			files = (
				AAE39F9126D6A69F004AB704 /* RankerTests.swift in Sources */,
			);
			runOnlyForDeploymentPostprocessing = 0;
		};
/* End PBXSourcesBuildPhase section */

/* Begin PBXTargetDependency section */
		AAE39F9426D6A69F004AB704 /* PBXTargetDependency */ = {
			isa = PBXTargetDependency;
			target = AA1D858726D61FFF00ACDCF1 /* Dead Man's Hand */;
			targetProxy = AAE39F9326D6A69F004AB704 /* PBXContainerItemProxy */;
		};
/* End PBXTargetDependency section */

/* Begin PBXVariantGroup section */
		AA1D859126D61FFF00ACDCF1 /* Main.storyboard */ = {
			isa = PBXVariantGroup;
			children = (
				AA1D859226D61FFF00ACDCF1 /* Base */,
			);
			name = Main.storyboard;
			sourceTree = "<group>";
		};
		AA1D859626D6200000ACDCF1 /* LaunchScreen.storyboard */ = {
			isa = PBXVariantGroup;
			children = (
				AA1D859726D6200000ACDCF1 /* Base */,
			);
			name = LaunchScreen.storyboard;
			sourceTree = "<group>";
		};
/* End PBXVariantGroup section */

/* Begin XCBuildConfiguration section */
		AA1D859A26D6200000ACDCF1 /* Debug */ = {
			isa = XCBuildConfiguration;
			buildSettings = {
				ALWAYS_SEARCH_USER_PATHS = NO;
				CLANG_ANALYZER_NONNULL = YES;
				CLANG_ANALYZER_NUMBER_OBJECT_CONVERSION = YES_AGGRESSIVE;
				CLANG_CXX_LANGUAGE_STANDARD = "gnu++14";
				CLANG_CXX_LIBRARY = "libc++";
				CLANG_ENABLE_MODULES = YES;
				CLANG_ENABLE_OBJC_ARC = YES;
				CLANG_ENABLE_OBJC_WEAK = YES;
				CLANG_WARN_BLOCK_CAPTURE_AUTORELEASING = YES;
				CLANG_WARN_BOOL_CONVERSION = YES;
				CLANG_WARN_COMMA = YES;
				CLANG_WARN_CONSTANT_CONVERSION = YES;
				CLANG_WARN_DEPRECATED_OBJC_IMPLEMENTATIONS = YES;
				CLANG_WARN_DIRECT_OBJC_ISA_USAGE = YES_ERROR;
				CLANG_WARN_DOCUMENTATION_COMMENTS = YES;
				CLANG_WARN_EMPTY_BODY = YES;
				CLANG_WARN_ENUM_CONVERSION = YES;
				CLANG_WARN_INFINITE_RECURSION = YES;
				CLANG_WARN_INT_CONVERSION = YES;
				CLANG_WARN_NON_LITERAL_NULL_CONVERSION = YES;
				CLANG_WARN_OBJC_IMPLICIT_RETAIN_SELF = YES;
				CLANG_WARN_OBJC_LITERAL_CONVERSION = YES;
				CLANG_WARN_OBJC_ROOT_CLASS = YES_ERROR;
				CLANG_WARN_QUOTED_INCLUDE_IN_FRAMEWORK_HEADER = YES;
				CLANG_WARN_RANGE_LOOP_ANALYSIS = YES;
				CLANG_WARN_STRICT_PROTOTYPES = YES;
				CLANG_WARN_SUSPICIOUS_MOVE = YES;
				CLANG_WARN_UNGUARDED_AVAILABILITY = YES_AGGRESSIVE;
				CLANG_WARN_UNREACHABLE_CODE = YES;
				CLANG_WARN__DUPLICATE_METHOD_MATCH = YES;
				COPY_PHASE_STRIP = NO;
				DEBUG_INFORMATION_FORMAT = dwarf;
				ENABLE_STRICT_OBJC_MSGSEND = YES;
				ENABLE_TESTABILITY = YES;
				GCC_C_LANGUAGE_STANDARD = gnu11;
				GCC_DYNAMIC_NO_PIC = NO;
				GCC_NO_COMMON_BLOCKS = YES;
				GCC_OPTIMIZATION_LEVEL = 0;
				GCC_PREPROCESSOR_DEFINITIONS = (
					"DEBUG=1",
					"$(inherited)",
				);
				GCC_WARN_64_TO_32_BIT_CONVERSION = YES;
				GCC_WARN_ABOUT_RETURN_TYPE = YES_ERROR;
				GCC_WARN_UNDECLARED_SELECTOR = YES;
				GCC_WARN_UNINITIALIZED_AUTOS = YES_AGGRESSIVE;
				GCC_WARN_UNUSED_FUNCTION = YES;
				GCC_WARN_UNUSED_VARIABLE = YES;
				IPHONEOS_DEPLOYMENT_TARGET = 14.5;
				MTL_ENABLE_DEBUG_INFO = INCLUDE_SOURCE;
				MTL_FAST_MATH = YES;
				ONLY_ACTIVE_ARCH = YES;
				SDKROOT = iphoneos;
				SWIFT_ACTIVE_COMPILATION_CONDITIONS = DEBUG;
				SWIFT_OPTIMIZATION_LEVEL = "-Onone";
			};
			name = Debug;
		};
		AA1D859B26D6200000ACDCF1 /* Release */ = {
			isa = XCBuildConfiguration;
			buildSettings = {
				ALWAYS_SEARCH_USER_PATHS = NO;
				CLANG_ANALYZER_NONNULL = YES;
				CLANG_ANALYZER_NUMBER_OBJECT_CONVERSION = YES_AGGRESSIVE;
				CLANG_CXX_LANGUAGE_STANDARD = "gnu++14";
				CLANG_CXX_LIBRARY = "libc++";
				CLANG_ENABLE_MODULES = YES;
				CLANG_ENABLE_OBJC_ARC = YES;
				CLANG_ENABLE_OBJC_WEAK = YES;
				CLANG_WARN_BLOCK_CAPTURE_AUTORELEASING = YES;
				CLANG_WARN_BOOL_CONVERSION = YES;
				CLANG_WARN_COMMA = YES;
				CLANG_WARN_CONSTANT_CONVERSION = YES;
				CLANG_WARN_DEPRECATED_OBJC_IMPLEMENTATIONS = YES;
				CLANG_WARN_DIRECT_OBJC_ISA_USAGE = YES_ERROR;
				CLANG_WARN_DOCUMENTATION_COMMENTS = YES;
				CLANG_WARN_EMPTY_BODY = YES;
				CLANG_WARN_ENUM_CONVERSION = YES;
				CLANG_WARN_INFINITE_RECURSION = YES;
				CLANG_WARN_INT_CONVERSION = YES;
				CLANG_WARN_NON_LITERAL_NULL_CONVERSION = YES;
				CLANG_WARN_OBJC_IMPLICIT_RETAIN_SELF = YES;
				CLANG_WARN_OBJC_LITERAL_CONVERSION = YES;
				CLANG_WARN_OBJC_ROOT_CLASS = YES_ERROR;
				CLANG_WARN_QUOTED_INCLUDE_IN_FRAMEWORK_HEADER = YES;
				CLANG_WARN_RANGE_LOOP_ANALYSIS = YES;
				CLANG_WARN_STRICT_PROTOTYPES = YES;
				CLANG_WARN_SUSPICIOUS_MOVE = YES;
				CLANG_WARN_UNGUARDED_AVAILABILITY = YES_AGGRESSIVE;
				CLANG_WARN_UNREACHABLE_CODE = YES;
				CLANG_WARN__DUPLICATE_METHOD_MATCH = YES;
				COPY_PHASE_STRIP = NO;
				DEBUG_INFORMATION_FORMAT = "dwarf-with-dsym";
				ENABLE_NS_ASSERTIONS = NO;
				ENABLE_STRICT_OBJC_MSGSEND = YES;
				GCC_C_LANGUAGE_STANDARD = gnu11;
				GCC_NO_COMMON_BLOCKS = YES;
				GCC_WARN_64_TO_32_BIT_CONVERSION = YES;
				GCC_WARN_ABOUT_RETURN_TYPE = YES_ERROR;
				GCC_WARN_UNDECLARED_SELECTOR = YES;
				GCC_WARN_UNINITIALIZED_AUTOS = YES_AGGRESSIVE;
				GCC_WARN_UNUSED_FUNCTION = YES;
				GCC_WARN_UNUSED_VARIABLE = YES;
				IPHONEOS_DEPLOYMENT_TARGET = 14.5;
				MTL_ENABLE_DEBUG_INFO = NO;
				MTL_FAST_MATH = YES;
				SDKROOT = iphoneos;
				SWIFT_COMPILATION_MODE = wholemodule;
				SWIFT_OPTIMIZATION_LEVEL = "-O";
				VALIDATE_PRODUCT = YES;
			};
			name = Release;
		};
		AA1D859D26D6200000ACDCF1 /* Debug */ = {
			isa = XCBuildConfiguration;
			buildSettings = {
				ASSETCATALOG_COMPILER_APPICON_NAME = AppIcon;
				ASSETCATALOG_COMPILER_GLOBAL_ACCENT_COLOR_NAME = AccentColor;
				CODE_SIGN_STYLE = Automatic;
				INFOPLIST_FILE = "Dead Man's Hand/Info.plist";
				IPHONEOS_DEPLOYMENT_TARGET = 13.0;
				LD_RUNPATH_SEARCH_PATHS = (
					"$(inherited)",
					"@executable_path/Frameworks",
				);
				PRODUCT_BUNDLE_IDENTIFIER = "com.kennydubroff.Dead-Man-s-Hand";
				PRODUCT_NAME = "$(TARGET_NAME)";
				SWIFT_VERSION = 5.0;
				TARGETED_DEVICE_FAMILY = "1,2";
			};
			name = Debug;
		};
		AA1D859E26D6200000ACDCF1 /* Release */ = {
			isa = XCBuildConfiguration;
			buildSettings = {
				ASSETCATALOG_COMPILER_APPICON_NAME = AppIcon;
				ASSETCATALOG_COMPILER_GLOBAL_ACCENT_COLOR_NAME = AccentColor;
				CODE_SIGN_STYLE = Automatic;
				INFOPLIST_FILE = "Dead Man's Hand/Info.plist";
				IPHONEOS_DEPLOYMENT_TARGET = 13.0;
				LD_RUNPATH_SEARCH_PATHS = (
					"$(inherited)",
					"@executable_path/Frameworks",
				);
				PRODUCT_BUNDLE_IDENTIFIER = "com.kennydubroff.Dead-Man-s-Hand";
				PRODUCT_NAME = "$(TARGET_NAME)";
				SWIFT_VERSION = 5.0;
				TARGETED_DEVICE_FAMILY = "1,2";
			};
			name = Release;
		};
		AAE39F9626D6A69F004AB704 /* Debug */ = {
			isa = XCBuildConfiguration;
			buildSettings = {
				BUNDLE_LOADER = "$(TEST_HOST)";
				CODE_SIGN_STYLE = Automatic;
				INFOPLIST_FILE = "Dead Man's HandTests/Info.plist";
				LD_RUNPATH_SEARCH_PATHS = (
					"$(inherited)",
					"@executable_path/Frameworks",
					"@loader_path/Frameworks",
				);
				PRODUCT_BUNDLE_IDENTIFIER = "com.kennydubroff.Dead-Man-s-HandTests";
				PRODUCT_NAME = "$(TARGET_NAME)";
				SWIFT_VERSION = 5.0;
				TARGETED_DEVICE_FAMILY = "1,2";
				TEST_HOST = "$(BUILT_PRODUCTS_DIR)/Dead Man's Hand.app/Dead Man's Hand";
			};
			name = Debug;
		};
		AAE39F9726D6A69F004AB704 /* Release */ = {
			isa = XCBuildConfiguration;
			buildSettings = {
				BUNDLE_LOADER = "$(TEST_HOST)";
				CODE_SIGN_STYLE = Automatic;
				INFOPLIST_FILE = "Dead Man's HandTests/Info.plist";
				LD_RUNPATH_SEARCH_PATHS = (
					"$(inherited)",
					"@executable_path/Frameworks",
					"@loader_path/Frameworks",
				);
				PRODUCT_BUNDLE_IDENTIFIER = "com.kennydubroff.Dead-Man-s-HandTests";
				PRODUCT_NAME = "$(TARGET_NAME)";
				SWIFT_VERSION = 5.0;
				TARGETED_DEVICE_FAMILY = "1,2";
				TEST_HOST = "$(BUILT_PRODUCTS_DIR)/Dead Man's Hand.app/Dead Man's Hand";
			};
			name = Release;
		};
/* End XCBuildConfiguration section */

/* Begin XCConfigurationList section */
		AA1D858326D61FFF00ACDCF1 /* Build configuration list for PBXProject "Dead Man's Hand" */ = {
			isa = XCConfigurationList;
			buildConfigurations = (
				AA1D859A26D6200000ACDCF1 /* Debug */,
				AA1D859B26D6200000ACDCF1 /* Release */,
			);
			defaultConfigurationIsVisible = 0;
			defaultConfigurationName = Release;
		};
		AA1D859C26D6200000ACDCF1 /* Build configuration list for PBXNativeTarget "Dead Man's Hand" */ = {
			isa = XCConfigurationList;
			buildConfigurations = (
				AA1D859D26D6200000ACDCF1 /* Debug */,
				AA1D859E26D6200000ACDCF1 /* Release */,
			);
			defaultConfigurationIsVisible = 0;
			defaultConfigurationName = Release;
		};
		AAE39F9526D6A69F004AB704 /* Build configuration list for PBXNativeTarget "Dead Man's HandTests" */ = {
			isa = XCConfigurationList;
			buildConfigurations = (
				AAE39F9626D6A69F004AB704 /* Debug */,
				AAE39F9726D6A69F004AB704 /* Release */,
			);
			defaultConfigurationIsVisible = 0;
			defaultConfigurationName = Release;
		};
/* End XCConfigurationList section */
	};
	rootObject = AA1D858026D61FFF00ACDCF1 /* Project object */;
}
